// !$*UTF8*$!
{
	archiveVersion = 1;
	classes = {
	};
	objectVersion = 50;
	objects = {

/* Begin PBXBuildFile section */
		A4AA9535216C657B00902BBD /* AppDelegate.m in Sources */ = {isa = PBXBuildFile; fileRef = A4AA952E216C657B00902BBD /* AppDelegate.m */; };
		A4AA9536216C657B00902BBD /* LaunchScreen.storyboard in Resources */ = {isa = PBXBuildFile; fileRef = A4AA952F216C657B00902BBD /* LaunchScreen.storyboard */; };
		A4AA9537216C657B00902BBD /* Info.plist in Resources */ = {isa = PBXBuildFile; fileRef = A4AA9531216C657B00902BBD /* Info.plist */; };
		A4AA9538216C657B00902BBD /* main.m in Sources */ = {isa = PBXBuildFile; fileRef = A4AA9532216C657B00902BBD /* main.m */; };
		A4AA9539216C657B00902BBD /* ViewController.m in Sources */ = {isa = PBXBuildFile; fileRef = A4AA9534216C657B00902BBD /* ViewController.m */; };
		A4AA9540216C770D00902BBD /* UITableView+DDYStretchHeader.m in Sources */ = {isa = PBXBuildFile; fileRef = A4AA953F216C770D00902BBD /* UITableView+DDYStretchHeader.m */; };
		A4AA9543216C84CC00902BBD /* back.png in Resources */ = {isa = PBXBuildFile; fileRef = A4AA9541216C84CB00902BBD /* back.png */; };
		A4AA9544216C84CC00902BBD /* logo.png in Resources */ = {isa = PBXBuildFile; fileRef = A4AA9542216C84CC00902BBD /* logo.png */; };
/* End PBXBuildFile section */

/* Begin PBXFileReference section */
		A4AA9516216C64F300902BBD /* DDYStretchTableHeader.app */ = {isa = PBXFileReference; explicitFileType = wrapper.application; includeInIndex = 0; path = DDYStretchTableHeader.app; sourceTree = BUILT_PRODUCTS_DIR; };
		A4AA952D216C657B00902BBD /* AppDelegate.h */ = {isa = PBXFileReference; fileEncoding = 4; lastKnownFileType = sourcecode.c.h; path = AppDelegate.h; sourceTree = "<group>"; };
		A4AA952E216C657B00902BBD /* AppDelegate.m */ = {isa = PBXFileReference; fileEncoding = 4; lastKnownFileType = sourcecode.c.objc; path = AppDelegate.m; sourceTree = "<group>"; };
		A4AA9530216C657B00902BBD /* Base */ = {isa = PBXFileReference; lastKnownFileType = file.storyboard; name = Base; path = Base.lproj/LaunchScreen.storyboard; sourceTree = "<group>"; };
		A4AA9531216C657B00902BBD /* Info.plist */ = {isa = PBXFileReference; fileEncoding = 4; lastKnownFileType = text.plist.xml; path = Info.plist; sourceTree = "<group>"; };
		A4AA9532216C657B00902BBD /* main.m */ = {isa = PBXFileReference; fileEncoding = 4; lastKnownFileType = sourcecode.c.objc; path = main.m; sourceTree = "<group>"; };
		A4AA9533216C657B00902BBD /* ViewController.h */ = {isa = PBXFileReference; fileEncoding = 4; lastKnownFileType = sourcecode.c.h; path = ViewController.h; sourceTree = "<group>"; };
		A4AA9534216C657B00902BBD /* ViewController.m */ = {isa = PBXFileReference; fileEncoding = 4; lastKnownFileType = sourcecode.c.objc; path = ViewController.m; sourceTree = "<group>"; };
		A4AA953E216C770D00902BBD /* UITableView+DDYStretchHeader.h */ = {isa = PBXFileReference; lastKnownFileType = sourcecode.c.h; path = "UITableView+DDYStretchHeader.h"; sourceTree = "<group>"; };
		A4AA953F216C770D00902BBD /* UITableView+DDYStretchHeader.m */ = {isa = PBXFileReference; lastKnownFileType = sourcecode.c.objc; path = "UITableView+DDYStretchHeader.m"; sourceTree = "<group>"; };
		A4AA9541216C84CB00902BBD /* back.png */ = {isa = PBXFileReference; lastKnownFileType = image.png; path = back.png; sourceTree = "<group>"; };
		A4AA9542216C84CC00902BBD /* logo.png */ = {isa = PBXFileReference; lastKnownFileType = image.png; path = logo.png; sourceTree = "<group>"; };
/* End PBXFileReference section */

/* Begin PBXFrameworksBuildPhase section */
		A4AA9513216C64F300902BBD /* Frameworks */ = {
			isa = PBXFrameworksBuildPhase;
			buildActionMask = 2147483647;
			files = (
			);
			runOnlyForDeploymentPostprocessing = 0;
		};
/* End PBXFrameworksBuildPhase section */

/* Begin PBXGroup section */
		A4AA950D216C64F300902BBD = {
			isa = PBXGroup;
			children = (
				A4AA9518216C64F300902BBD /* DDYStretchTableHeader */,
				A4AA9517216C64F300902BBD /* Products */,
			);
			sourceTree = "<group>";
		};
		A4AA9517216C64F300902BBD /* Products */ = {
			isa = PBXGroup;
			children = (
				A4AA9516216C64F300902BBD /* DDYStretchTableHeader.app */,
			);
			name = Products;
			sourceTree = "<group>";
		};
		A4AA9518216C64F300902BBD /* DDYStretchTableHeader */ = {
			isa = PBXGroup;
			children = (
				A4AA953A216C659D00902BBD /* DDYStretchTableHeader */,
				A4AA952C216C657B00902BBD /* System */,
			);
			path = DDYStretchTableHeader;
			sourceTree = "<group>";
		};
		A4AA952C216C657B00902BBD /* System */ = {
			isa = PBXGroup;
			children = (
				A4AA9541216C84CB00902BBD /* back.png */,
				A4AA9542216C84CC00902BBD /* logo.png */,
				A4AA952D216C657B00902BBD /* AppDelegate.h */,
				A4AA952E216C657B00902BBD /* AppDelegate.m */,
				A4AA952F216C657B00902BBD /* LaunchScreen.storyboard */,
				A4AA9531216C657B00902BBD /* Info.plist */,
				A4AA9532216C657B00902BBD /* main.m */,
				A4AA9533216C657B00902BBD /* ViewController.h */,
				A4AA9534216C657B00902BBD /* ViewController.m */,
			);
			path = System;
			sourceTree = "<group>";
		};
		A4AA953A216C659D00902BBD /* DDYStretchTableHeader */ = {
			isa = PBXGroup;
			children = (
				A4AA953E216C770D00902BBD /* UITableView+DDYStretchHeader.h */,
				A4AA953F216C770D00902BBD /* UITableView+DDYStretchHeader.m */,
			);
			path = DDYStretchTableHeader;
			sourceTree = "<group>";
		};
/* End PBXGroup section */

/* Begin PBXNativeTarget section */
		A4AA9515216C64F300902BBD /* DDYStretchTableHeader */ = {
			isa = PBXNativeTarget;
			buildConfigurationList = A4AA9529216C64F700902BBD /* Build configuration list for PBXNativeTarget "DDYStretchTableHeader" */;
			buildPhases = (
				A4AA9512216C64F300902BBD /* Sources */,
				A4AA9513216C64F300902BBD /* Frameworks */,
				A4AA9514216C64F300902BBD /* Resources */,
			);
			buildRules = (
			);
			dependencies = (
			);
			name = DDYStretchTableHeader;
			productName = DDYStretchTableHeader;
			productReference = A4AA9516216C64F300902BBD /* DDYStretchTableHeader.app */;
			productType = "com.apple.product-type.application";
		};
/* End PBXNativeTarget section */

/* Begin PBXProject section */
		A4AA950E216C64F300902BBD /* Project object */ = {
			isa = PBXProject;
			attributes = {
				LastUpgradeCheck = 0930;
				ORGANIZATIONNAME = com.smartmesh;
				TargetAttributes = {
					A4AA9515216C64F300902BBD = {
						CreatedOnToolsVersion = 9.3;
					};
				};
			};
			buildConfigurationList = A4AA9511216C64F300902BBD /* Build configuration list for PBXProject "DDYStretchTableHeader" */;
			compatibilityVersion = "Xcode 9.3";
			developmentRegion = en;
			hasScannedForEncodings = 0;
			knownRegions = (
				en,
				Base,
			);
			mainGroup = A4AA950D216C64F300902BBD;
			productRefGroup = A4AA9517216C64F300902BBD /* Products */;
			projectDirPath = "";
			projectRoot = "";
			targets = (
				A4AA9515216C64F300902BBD /* DDYStretchTableHeader */,
			);
		};
/* End PBXProject section */

/* Begin PBXResourcesBuildPhase section */
		A4AA9514216C64F300902BBD /* Resources */ = {
			isa = PBXResourcesBuildPhase;
			buildActionMask = 2147483647;
			files = (
				A4AA9544216C84CC00902BBD /* logo.png in Resources */,
				A4AA9537216C657B00902BBD /* Info.plist in Resources */,
				A4AA9536216C657B00902BBD /* LaunchScreen.storyboard in Resources */,
				A4AA9543216C84CC00902BBD /* back.png in Resources */,
			);
			runOnlyForDeploymentPostprocessing = 0;
		};
/* End PBXResourcesBuildPhase section */

/* Begin PBXSourcesBuildPhase section */
		A4AA9512216C64F300902BBD /* Sources */ = {
			isa = PBXSourcesBuildPhase;
			buildActionMask = 2147483647;
			files = (
				A4AA9540216C770D00902BBD /* UITableView+DDYStretchHeader.m in Sources */,
				A4AA9539216C657B00902BBD /* ViewController.m in Sources */,
				A4AA9538216C657B00902BBD /* main.m in Sources */,
				A4AA9535216C657B00902BBD /* AppDelegate.m in Sources */,
			);
			runOnlyForDeploymentPostprocessing = 0;
		};
/* End PBXSourcesBuildPhase section */

/* Begin PBXVariantGroup section */
		A4AA952F216C657B00902BBD /* LaunchScreen.storyboard */ = {
			isa = PBXVariantGroup;
			children = (
				A4AA9530216C657B00902BBD /* Base */,
			);
			name = LaunchScreen.storyboard;
			sourceTree = "<group>";
		};
/* End PBXVariantGroup section */

/* Begin XCBuildConfiguration section */
		A4AA9527216C64F700902BBD /* Debug */ = {
			isa = XCBuildConfiguration;
			buildSettings = {
				ALWAYS_SEARCH_USER_PATHS = NO;
				CLANG_ANALYZER_NONNULL = YES;
				CLANG_ANALYZER_NUMBER_OBJECT_CONVERSION = YES_AGGRESSIVE;
				CLANG_CXX_LANGUAGE_STANDARD = "gnu++14";
				CLANG_CXX_LIBRARY = "libc++";
				CLANG_ENABLE_MODULES = YES;
				CLANG_ENABLE_OBJC_ARC = YES;
				CLANG_ENABLE_OBJC_WEAK = YES;
				CLANG_WARN_BLOCK_CAPTURE_AUTORELEASING = YES;
				CLANG_WARN_BOOL_CONVERSION = YES;
				CLANG_WARN_COMMA = YES;
				CLANG_WARN_CONSTANT_CONVERSION = YES;
				CLANG_WARN_DEPRECATED_OBJC_IMPLEMENTATIONS = YES;
				CLANG_WARN_DIRECT_OBJC_ISA_USAGE = YES_ERROR;
				CLANG_WARN_DOCUMENTATION_COMMENTS = YES;
				CLANG_WARN_EMPTY_BODY = YES;
				CLANG_WARN_ENUM_CONVERSION = YES;
				CLANG_WARN_INFINITE_RECURSION = YES;
				CLANG_WARN_INT_CONVERSION = YES;
				CLANG_WARN_NON_LITERAL_NULL_CONVERSION = YES;
				CLANG_WARN_OBJC_IMPLICIT_RETAIN_SELF = YES;
				CLANG_WARN_OBJC_LITERAL_CONVERSION = YES;
				CLANG_WARN_OBJC_ROOT_CLASS = YES_ERROR;
				CLANG_WARN_RANGE_LOOP_ANALYSIS = YES;
				CLANG_WARN_STRICT_PROTOTYPES = YES;
				CLANG_WARN_SUSPICIOUS_MOVE = YES;
				CLANG_WARN_UNGUARDED_AVAILABILITY = YES_AGGRESSIVE;
				CLANG_WARN_UNREACHABLE_CODE = YES;
				CLANG_WARN__DUPLICATE_METHOD_MATCH = YES;
				CODE_SIGN_IDENTITY = "iPhone Developer";
				COPY_PHASE_STRIP = NO;
				DEBUG_INFORMATION_FORMAT = dwarf;
				ENABLE_STRICT_OBJC_MSGSEND = YES;
				ENABLE_TESTABILITY = YES;
				GCC_C_LANGUAGE_STANDARD = gnu11;
				GCC_DYNAMIC_NO_PIC = NO;
				GCC_NO_COMMON_BLOCKS = YES;
				GCC_OPTIMIZATION_LEVEL = 0;
				GCC_PREPROCESSOR_DEFINITIONS = (
					"DEBUG=1",
					"$(inherited)",
				);
				GCC_WARN_64_TO_32_BIT_CONVERSION = YES;
				GCC_WARN_ABOUT_RETURN_TYPE = YES_ERROR;
				GCC_WARN_UNDECLARED_SELECTOR = YES;
				GCC_WARN_UNINITIALIZED_AUTOS = YES_AGGRESSIVE;
				GCC_WARN_UNUSED_FUNCTION = YES;
				GCC_WARN_UNUSED_VARIABLE = YES;
				IPHONEOS_DEPLOYMENT_TARGET = 11.3;
				MTL_ENABLE_DEBUG_INFO = YES;
				ONLY_ACTIVE_ARCH = YES;
				SDKROOT = iphoneos;
			};
			name = Debug;
		};
		A4AA9528216C64F700902BBD /* Release */ = {
			isa = XCBuildConfiguration;
			buildSettings = {
				ALWAYS_SEARCH_USER_PATHS = NO;
				CLANG_ANALYZER_NONNULL = YES;
				CLANG_ANALYZER_NUMBER_OBJECT_CONVERSION = YES_AGGRESSIVE;
				CLANG_CXX_LANGUAGE_STANDARD = "gnu++14";
				CLANG_CXX_LIBRARY = "libc++";
				CLANG_ENABLE_MODULES = YES;
				CLANG_ENABLE_OBJC_ARC = YES;
				CLANG_ENABLE_OBJC_WEAK = YES;
				CLANG_WARN_BLOCK_CAPTURE_AUTORELEASING = YES;
				CLANG_WARN_BOOL_CONVERSION = YES;
				CLANG_WARN_COMMA = YES;
				CLANG_WARN_CONSTANT_CONVERSION = YES;
				CLANG_WARN_DEPRECATED_OBJC_IMPLEMENTATIONS = YES;
				CLANG_WARN_DIRECT_OBJC_ISA_USAGE = YES_ERROR;
				CLANG_WARN_DOCUMENTATION_COMMENTS = YES;
				CLANG_WARN_EMPTY_BODY = YES;
				CLANG_WARN_ENUM_CONVERSION = YES;
				CLANG_WARN_INFINITE_RECURSION = YES;
				CLANG_WARN_INT_CONVERSION = YES;
				CLANG_WARN_NON_LITERAL_NULL_CONVERSION = YES;
				CLANG_WARN_OBJC_IMPLICIT_RETAIN_SELF = YES;
				CLANG_WARN_OBJC_LITERAL_CONVERSION = YES;
				CLANG_WARN_OBJC_ROOT_CLASS = YES_ERROR;
				CLANG_WARN_RANGE_LOOP_ANALYSIS = YES;
				CLANG_WARN_STRICT_PROTOTYPES = YES;
				CLANG_WARN_SUSPICIOUS_MOVE = YES;
				CLANG_WARN_UNGUARDED_AVAILABILITY = YES_AGGRESSIVE;
				CLANG_WARN_UNREACHABLE_CODE = YES;
				CLANG_WARN__DUPLICATE_METHOD_MATCH = YES;
				CODE_SIGN_IDENTITY = "iPhone Developer";
				COPY_PHASE_STRIP = NO;
				DEBUG_INFORMATION_FORMAT = "dwarf-with-dsym";
				ENABLE_NS_ASSERTIONS = NO;
				ENABLE_STRICT_OBJC_MSGSEND = YES;
				GCC_C_LANGUAGE_STANDARD = gnu11;
				GCC_NO_COMMON_BLOCKS = YES;
				GCC_WARN_64_TO_32_BIT_CONVERSION = YES;
				GCC_WARN_ABOUT_RETURN_TYPE = YES_ERROR;
				GCC_WARN_UNDECLARED_SELECTOR = YES;
				GCC_WARN_UNINITIALIZED_AUTOS = YES_AGGRESSIVE;
				GCC_WARN_UNUSED_FUNCTION = YES;
				GCC_WARN_UNUSED_VARIABLE = YES;
				IPHONEOS_DEPLOYMENT_TARGET = 11.3;
				MTL_ENABLE_DEBUG_INFO = NO;
				SDKROOT = iphoneos;
				VALIDATE_PRODUCT = YES;
			};
			name = Release;
		};
		A4AA952A216C64F700902BBD /* Debug */ = {
			isa = XCBuildConfiguration;
			buildSettings = {
				CODE_SIGN_STYLE = Automatic;
				DEVELOPMENT_TEAM = 23JJ7VRKJT;
				INFOPLIST_FILE = "$(SRCROOT)/DDYStretchTableHeader/System/Info.plist";
				IPHONEOS_DEPLOYMENT_TARGET = 9.0;
				LD_RUNPATH_SEARCH_PATHS = (
					"$(inherited)",
					"@executable_path/Frameworks",
				);
				PRODUCT_BUNDLE_IDENTIFIER = com.smartmesh.smart2;
				PRODUCT_NAME = "$(TARGET_NAME)";
				TARGETED_DEVICE_FAMILY = "1,2";
			};
			name = Debug;
		};
		A4AA952B216C64F700902BBD /* Release */ = {
			isa = XCBuildConfiguration;
			buildSettings = {
				CODE_SIGN_STYLE = Automatic;
				DEVELOPMENT_TEAM = 23JJ7VRKJT;
				INFOPLIST_FILE = "$(SRCROOT)/DDYStretchTableHeader/System/Info.plist";
				IPHONEOS_DEPLOYMENT_TARGET = 9.0;
				LD_RUNPATH_SEARCH_PATHS = (
					"$(inherited)",
					"@executable_path/Frameworks",
				);
				PRODUCT_BUNDLE_IDENTIFIER = com.smartmesh.smart2;
				PRODUCT_NAME = "$(TARGET_NAME)";
				TARGETED_DEVICE_FAMILY = "1,2";
			};
			name = Release;
		};
/* End XCBuildConfiguration section */

/* Begin XCConfigurationList section */
		A4AA9511216C64F300902BBD /* Build configuration list for PBXProject "DDYStretchTableHeader" */ = {
			isa = XCConfigurationList;
			buildConfigurations = (
				A4AA9527216C64F700902BBD /* Debug */,
				A4AA9528216C64F700902BBD /* Release */,
			);
			defaultConfigurationIsVisible = 0;
			defaultConfigurationName = Release;
		};
		A4AA9529216C64F700902BBD /* Build configuration list for PBXNativeTarget "DDYStretchTableHeader" */ = {
			isa = XCConfigurationList;
			buildConfigurations = (
				A4AA952A216C64F700902BBD /* Debug */,
				A4AA952B216C64F700902BBD /* Release */,
			);
			defaultConfigurationIsVisible = 0;
			defaultConfigurationName = Release;
		};
/* End XCConfigurationList section */
	};
	rootObject = A4AA950E216C64F300902BBD /* Project object */;
}
